
Microsoft Visual Studio Solution File, Format Version 12.00
# Visual Studio Version 16
VisualStudioVersion = 16.0.31727.386
MinimumVisualStudioVersion = 10.0.40219.1
Project("{FAE04EC0-301F-11D3-BF4B-00C04F79EFBC}") = "KompasPlugin", "KompasPlugin\KompasPlugin.csproj", "{44C6FD96-D637-4AAF-8D29-9A000DD5067F}"
EndProject
Project("{FAE04EC0-301F-11D3-BF4B-00C04F79EFBC}") = "Core", "Core\Core.csproj", "{CB19DBBD-AB47-4691-8547-01963B4C04BD}"
EndProject
Project("{FAE04EC0-301F-11D3-BF4B-00C04F79EFBC}") = "TestCore", "TestCore\TestCore.csproj", "{142A4DC6-BA1E-43AF-B7D7-DF4FFF5D113B}"
EndProject
Project("{FAE04EC0-301F-11D3-BF4B-00C04F79EFBC}") = "Kompas", "Kompas\Kompas.csproj", "{52B7C747-C472-416B-BB49-E2B650AED62D}"
EndProject
Project("{FAE04EC0-301F-11D3-BF4B-00C04F79EFBC}") = "StressTest", "StressTest\StressTest.csproj", "{331C8BCF-5983-480A-AC42-52E849F763F3}"
EndProject
Global
	GlobalSection(SolutionConfigurationPlatforms) = preSolution
		Debug|Any CPU = Debug|Any CPU
		Release|Any CPU = Release|Any CPU
	EndGlobalSection
	GlobalSection(ProjectConfigurationPlatforms) = postSolution
		{44C6FD96-D637-4AAF-8D29-9A000DD5067F}.Debug|Any CPU.ActiveCfg = Debug|Any CPU
		{44C6FD96-D637-4AAF-8D29-9A000DD5067F}.Debug|Any CPU.Build.0 = Debug|Any CPU
		{44C6FD96-D637-4AAF-8D29-9A000DD5067F}.Release|Any CPU.ActiveCfg = Release|Any CPU
		{44C6FD96-D637-4AAF-8D29-9A000DD5067F}.Release|Any CPU.Build.0 = Release|Any CPU
		{CB19DBBD-AB47-4691-8547-01963B4C04BD}.Debug|Any CPU.ActiveCfg = Debug|Any CPU
		{CB19DBBD-AB47-4691-8547-01963B4C04BD}.Debug|Any CPU.Build.0 = Debug|Any CPU
		{CB19DBBD-AB47-4691-8547-01963B4C04BD}.Release|Any CPU.ActiveCfg = Release|Any CPU
		{CB19DBBD-AB47-4691-8547-01963B4C04BD}.Release|Any CPU.Build.0 = Release|Any CPU
		{142A4DC6-BA1E-43AF-B7D7-DF4FFF5D113B}.Debug|Any CPU.ActiveCfg = Debug|Any CPU
		{142A4DC6-BA1E-43AF-B7D7-DF4FFF5D113B}.Debug|Any CPU.Build.0 = Debug|Any CPU
		{142A4DC6-BA1E-43AF-B7D7-DF4FFF5D113B}.Release|Any CPU.ActiveCfg = Release|Any CPU
		{142A4DC6-BA1E-43AF-B7D7-DF4FFF5D113B}.Release|Any CPU.Build.0 = Release|Any CPU
		{52B7C747-C472-416B-BB49-E2B650AED62D}.Debug|Any CPU.ActiveCfg = Debug|Any CPU
		{52B7C747-C472-416B-BB49-E2B650AED62D}.Debug|Any CPU.Build.0 = Debug|Any CPU
		{52B7C747-C472-416B-BB49-E2B650AED62D}.Release|Any CPU.ActiveCfg = Release|Any CPU
		{52B7C747-C472-416B-BB49-E2B650AED62D}.Release|Any CPU.Build.0 = Release|Any CPU
		{331C8BCF-5983-480A-AC42-52E849F763F3}.Debug|Any CPU.ActiveCfg = Debug|Any CPU
		{331C8BCF-5983-480A-AC42-52E849F763F3}.Debug|Any CPU.Build.0 = Debug|Any CPU
		{331C8BCF-5983-480A-AC42-52E849F763F3}.Release|Any CPU.ActiveCfg = Release|Any CPU
		{331C8BCF-5983-480A-AC42-52E849F763F3}.Release|Any CPU.Build.0 = Release|Any CPU
	EndGlobalSection
	GlobalSection(SolutionProperties) = preSolution
		HideSolutionNode = FALSE
	EndGlobalSection
	GlobalSection(ExtensibilityGlobals) = postSolution
		SolutionGuid = {1AFC3E45-4ABD-4F29-9ED6-60921B4AF835}
	EndGlobalSection
EndGlobal
